// !$*UTF8*$!
{
	archiveVersion = 1;
	classes = {
	};
	objectVersion = 46;
	objects = {

/* Begin PBXBuildFile section */
		558FA91D1BE44397007293AD /* bb_icon@2x.jpg in Resources */ = {isa = PBXBuildFile; fileRef = 558FA9091BE44397007293AD /* bb_icon@2x.jpg */; settings = {ASSET_TAGS = (); }; };
		558FA91E1BE44397007293AD /* bb@2x.jpg in Resources */ = {isa = PBXBuildFile; fileRef = 558FA90A1BE44397007293AD /* bb@2x.jpg */; settings = {ASSET_TAGS = (); }; };
		558FA91F1BE44397007293AD /* dzq_icon@2x.jpg in Resources */ = {isa = PBXBuildFile; fileRef = 558FA90B1BE44397007293AD /* dzq_icon@2x.jpg */; settings = {ASSET_TAGS = (); }; };
		558FA9201BE44397007293AD /* dzq@2x.jpg in Resources */ = {isa = PBXBuildFile; fileRef = 558FA90C1BE44397007293AD /* dzq@2x.jpg */; settings = {ASSET_TAGS = (); }; };
		558FA9211BE44397007293AD /* eason_icon@2x.jpg in Resources */ = {isa = PBXBuildFile; fileRef = 558FA90D1BE44397007293AD /* eason_icon@2x.jpg */; settings = {ASSET_TAGS = (); }; };
		558FA9221BE44397007293AD /* eason@2x.jpg in Resources */ = {isa = PBXBuildFile; fileRef = 558FA90E1BE44397007293AD /* eason@2x.jpg */; settings = {ASSET_TAGS = (); }; };
		558FA9231BE44397007293AD /* jay_icon@2x.png in Resources */ = {isa = PBXBuildFile; fileRef = 558FA90F1BE44397007293AD /* jay_icon@2x.png */; settings = {ASSET_TAGS = (); }; };
		558FA9241BE44397007293AD /* jay@2x.jpg in Resources */ = {isa = PBXBuildFile; fileRef = 558FA9101BE44397007293AD /* jay@2x.jpg */; settings = {ASSET_TAGS = (); }; };
		558FA9251BE44397007293AD /* jj_icon@2x.png in Resources */ = {isa = PBXBuildFile; fileRef = 558FA9111BE44397007293AD /* jj_icon@2x.png */; settings = {ASSET_TAGS = (); }; };
		558FA9261BE44397007293AD /* jj@2x.jpg in Resources */ = {isa = PBXBuildFile; fileRef = 558FA9121BE44397007293AD /* jj@2x.jpg */; settings = {ASSET_TAGS = (); }; };
		558FA9271BE44397007293AD /* kzxd_icon@2x.jpg in Resources */ = {isa = PBXBuildFile; fileRef = 558FA9131BE44397007293AD /* kzxd_icon@2x.jpg */; settings = {ASSET_TAGS = (); }; };
		558FA9281BE44397007293AD /* kzxd@2x.jpg in Resources */ = {isa = PBXBuildFile; fileRef = 558FA9141BE44397007293AD /* kzxd@2x.jpg */; settings = {ASSET_TAGS = (); }; };
		558FA9291BE44397007293AD /* lkq_icon@2x.jpg in Resources */ = {isa = PBXBuildFile; fileRef = 558FA9151BE44397007293AD /* lkq_icon@2x.jpg */; settings = {ASSET_TAGS = (); }; };
		558FA92A1BE44397007293AD /* lkq@2x.jpg in Resources */ = {isa = PBXBuildFile; fileRef = 558FA9161BE44397007293AD /* lkq@2x.jpg */; settings = {ASSET_TAGS = (); }; };
		558FA92B1BE44397007293AD /* nanquan_icon@2x.jpg in Resources */ = {isa = PBXBuildFile; fileRef = 558FA9171BE44397007293AD /* nanquan_icon@2x.jpg */; settings = {ASSET_TAGS = (); }; };
		558FA92C1BE44397007293AD /* nanquan@2x.jpg in Resources */ = {isa = PBXBuildFile; fileRef = 558FA9181BE44397007293AD /* nanquan@2x.jpg */; settings = {ASSET_TAGS = (); }; };
		558FA92D1BE44397007293AD /* wf_icon@2x.jpg in Resources */ = {isa = PBXBuildFile; fileRef = 558FA9191BE44397007293AD /* wf_icon@2x.jpg */; settings = {ASSET_TAGS = (); }; };
		558FA92E1BE44397007293AD /* wf@2x.jpg in Resources */ = {isa = PBXBuildFile; fileRef = 558FA91A1BE44397007293AD /* wf@2x.jpg */; settings = {ASSET_TAGS = (); }; };
		558FA92F1BE44397007293AD /* zxy_icon@2x.jpg in Resources */ = {isa = PBXBuildFile; fileRef = 558FA91B1BE44397007293AD /* zxy_icon@2x.jpg */; settings = {ASSET_TAGS = (); }; };
		558FA9301BE44397007293AD /* zxy@2x.jpg in Resources */ = {isa = PBXBuildFile; fileRef = 558FA91C1BE44397007293AD /* zxy@2x.jpg */; settings = {ASSET_TAGS = (); }; };
		558FA93B1BE443AC007293AD /* 235319.lrc in Resources */ = {isa = PBXBuildFile; fileRef = 558FA9311BE443AC007293AD /* 235319.lrc */; settings = {ASSET_TAGS = (); }; };
		558FA93C1BE443AC007293AD /* 255319.lrc in Resources */ = {isa = PBXBuildFile; fileRef = 558FA9321BE443AC007293AD /* 255319.lrc */; settings = {ASSET_TAGS = (); }; };
		558FA93D1BE443AC007293AD /* 309769.lrc in Resources */ = {isa = PBXBuildFile; fileRef = 558FA9331BE443AC007293AD /* 309769.lrc */; settings = {ASSET_TAGS = (); }; };
		558FA93E1BE443AC007293AD /* 339744.lrc in Resources */ = {isa = PBXBuildFile; fileRef = 558FA9341BE443AC007293AD /* 339744.lrc */; settings = {ASSET_TAGS = (); }; };
		558FA93F1BE443AC007293AD /* 10405520.lrc in Resources */ = {isa = PBXBuildFile; fileRef = 558FA9351BE443AC007293AD /* 10405520.lrc */; settings = {ASSET_TAGS = (); }; };
		558FA9401BE443AC007293AD /* 10736444.lrc in Resources */ = {isa = PBXBuildFile; fileRef = 558FA9361BE443AC007293AD /* 10736444.lrc */; settings = {ASSET_TAGS = (); }; };
		558FA9411BE443AC007293AD /* 12309111.lrc in Resources */ = {isa = PBXBuildFile; fileRef = 558FA9371BE443AC007293AD /* 12309111.lrc */; settings = {ASSET_TAGS = (); }; };
		558FA9421BE443AC007293AD /* 14945107.lrc in Resources */ = {isa = PBXBuildFile; fileRef = 558FA9381BE443AC007293AD /* 14945107.lrc */; settings = {ASSET_TAGS = (); }; };
		558FA9431BE443AC007293AD /* 120125029.lrc in Resources */ = {isa = PBXBuildFile; fileRef = 558FA9391BE443AC007293AD /* 120125029.lrc */; settings = {ASSET_TAGS = (); }; };
		558FA9441BE443AC007293AD /* 月半小夜曲.lrc in Resources */ = {isa = PBXBuildFile; fileRef = 558FA93A1BE443AC007293AD /* 月半小夜曲.lrc */; settings = {ASSET_TAGS = (); }; };
		558FA94F1BE443B9007293AD /* 235319.mp3 in Resources */ = {isa = PBXBuildFile; fileRef = 558FA9451BE443B9007293AD /* 235319.mp3 */; settings = {ASSET_TAGS = (); }; };
		558FA9501BE443B9007293AD /* 255319.mp3 in Resources */ = {isa = PBXBuildFile; fileRef = 558FA9461BE443B9007293AD /* 255319.mp3 */; settings = {ASSET_TAGS = (); }; };
		558FA9511BE443B9007293AD /* 309769.mp3 in Resources */ = {isa = PBXBuildFile; fileRef = 558FA9471BE443B9007293AD /* 309769.mp3 */; settings = {ASSET_TAGS = (); }; };
		558FA9521BE443B9007293AD /* 339744.mp3 in Resources */ = {isa = PBXBuildFile; fileRef = 558FA9481BE443B9007293AD /* 339744.mp3 */; settings = {ASSET_TAGS = (); }; };
		558FA9531BE443B9007293AD /* 10405520.mp3 in Resources */ = {isa = PBXBuildFile; fileRef = 558FA9491BE443B9007293AD /* 10405520.mp3 */; settings = {ASSET_TAGS = (); }; };
		558FA9541BE443B9007293AD /* 10736444.mp3 in Resources */ = {isa = PBXBuildFile; fileRef = 558FA94A1BE443B9007293AD /* 10736444.mp3 */; settings = {ASSET_TAGS = (); }; };
		558FA9551BE443B9007293AD /* 12309111.mp3 in Resources */ = {isa = PBXBuildFile; fileRef = 558FA94B1BE443B9007293AD /* 12309111.mp3 */; settings = {ASSET_TAGS = (); }; };
		558FA9561BE443B9007293AD /* 14945107.mp3 in Resources */ = {isa = PBXBuildFile; fileRef = 558FA94C1BE443B9007293AD /* 14945107.mp3 */; settings = {ASSET_TAGS = (); }; };
		558FA9571BE443B9007293AD /* 120125029.mp3 in Resources */ = {isa = PBXBuildFile; fileRef = 558FA94D1BE443B9007293AD /* 120125029.mp3 */; settings = {ASSET_TAGS = (); }; };
		558FA9581BE443B9007293AD /* 1201111234.mp3 in Resources */ = {isa = PBXBuildFile; fileRef = 558FA94E1BE443B9007293AD /* 1201111234.mp3 */; settings = {ASSET_TAGS = (); }; };
		558FA95A1BE443C7007293AD /* Musics.plist in Resources */ = {isa = PBXBuildFile; fileRef = 558FA9591BE443C7007293AD /* Musics.plist */; settings = {ASSET_TAGS = (); }; };
		55F7C21F1BE3C01A00BA7537 /* Main.storyboard in Resources */ = {isa = PBXBuildFile; fileRef = 55F7C21D1BE3C01A00BA7537 /* Main.storyboard */; };
		55F7C2211BE3C01A00BA7537 /* Assets.xcassets in Resources */ = {isa = PBXBuildFile; fileRef = 55F7C2201BE3C01A00BA7537 /* Assets.xcassets */; };
		55F7C2241BE3C01A00BA7537 /* LaunchScreen.storyboard in Resources */ = {isa = PBXBuildFile; fileRef = 55F7C2221BE3C01A00BA7537 /* LaunchScreen.storyboard */; };
		55F7C22F1BE3C01A00BA7537 /* BaiDuMusicTests.m in Sources */ = {isa = PBXBuildFile; fileRef = 55F7C22E1BE3C01A00BA7537 /* BaiDuMusicTests.m */; };
		55F7C23A1BE3C01A00BA7537 /* BaiDuMusicUITests.m in Sources */ = {isa = PBXBuildFile; fileRef = 55F7C2391BE3C01A00BA7537 /* BaiDuMusicUITests.m */; };
		55F7C2561BE3C1C800BA7537 /* AppDelegate.m in Sources */ = {isa = PBXBuildFile; fileRef = 55F7C2501BE3C1C800BA7537 /* AppDelegate.m */; settings = {ASSET_TAGS = (); }; };
		55F7C2571BE3C1C800BA7537 /* main.m in Sources */ = {isa = PBXBuildFile; fileRef = 55F7C2511BE3C1C800BA7537 /* main.m */; settings = {ASSET_TAGS = (); }; };
		55F7C25A1BE3C2AD00BA7537 /* MainTableViewController.m in Sources */ = {isa = PBXBuildFile; fileRef = 55F7C2591BE3C2AD00BA7537 /* MainTableViewController.m */; settings = {ASSET_TAGS = (); }; };
		55F7C2731BE3CB9100BA7537 /* MJDictionaryCache.m in Sources */ = {isa = PBXBuildFile; fileRef = 55F7C25D1BE3CB9100BA7537 /* MJDictionaryCache.m */; settings = {ASSET_TAGS = (); }; };
		55F7C2741BE3CB9100BA7537 /* MJExtensionConst.m in Sources */ = {isa = PBXBuildFile; fileRef = 55F7C2601BE3CB9100BA7537 /* MJExtensionConst.m */; settings = {ASSET_TAGS = (); }; };
		55F7C2751BE3CB9100BA7537 /* MJFoundation.m in Sources */ = {isa = PBXBuildFile; fileRef = 55F7C2621BE3CB9100BA7537 /* MJFoundation.m */; settings = {ASSET_TAGS = (); }; };
		55F7C2761BE3CB9100BA7537 /* MJProperty.m in Sources */ = {isa = PBXBuildFile; fileRef = 55F7C2641BE3CB9100BA7537 /* MJProperty.m */; settings = {ASSET_TAGS = (); }; };
		55F7C2771BE3CB9100BA7537 /* MJPropertyKey.m in Sources */ = {isa = PBXBuildFile; fileRef = 55F7C2661BE3CB9100BA7537 /* MJPropertyKey.m */; settings = {ASSET_TAGS = (); }; };
		55F7C2781BE3CB9100BA7537 /* MJPropertyType.m in Sources */ = {isa = PBXBuildFile; fileRef = 55F7C2681BE3CB9100BA7537 /* MJPropertyType.m */; settings = {ASSET_TAGS = (); }; };
		55F7C2791BE3CB9100BA7537 /* NSObject+MJClass.m in Sources */ = {isa = PBXBuildFile; fileRef = 55F7C26A1BE3CB9100BA7537 /* NSObject+MJClass.m */; settings = {ASSET_TAGS = (); }; };
		55F7C27A1BE3CB9100BA7537 /* NSObject+MJCoding.m in Sources */ = {isa = PBXBuildFile; fileRef = 55F7C26C1BE3CB9100BA7537 /* NSObject+MJCoding.m */; settings = {ASSET_TAGS = (); }; };
		55F7C27B1BE3CB9100BA7537 /* NSObject+MJKeyValue.m in Sources */ = {isa = PBXBuildFile; fileRef = 55F7C26E1BE3CB9100BA7537 /* NSObject+MJKeyValue.m */; settings = {ASSET_TAGS = (); }; };
		55F7C27C1BE3CB9100BA7537 /* NSObject+MJProperty.m in Sources */ = {isa = PBXBuildFile; fileRef = 55F7C2701BE3CB9100BA7537 /* NSObject+MJProperty.m */; settings = {ASSET_TAGS = (); }; };
		55F7C27D1BE3CB9100BA7537 /* NSString+MJExtension.m in Sources */ = {isa = PBXBuildFile; fileRef = 55F7C2721BE3CB9100BA7537 /* NSString+MJExtension.m */; settings = {ASSET_TAGS = (); }; };
		55F7C2801BE3CD8E00BA7537 /* UIView+Frame.m in Sources */ = {isa = PBXBuildFile; fileRef = 55F7C27F1BE3CD8E00BA7537 /* UIView+Frame.m */; settings = {ASSET_TAGS = (); }; };
		55F7C2831BE3CDB300BA7537 /* UIImage+Shape.m in Sources */ = {isa = PBXBuildFile; fileRef = 55F7C2821BE3CDB300BA7537 /* UIImage+Shape.m */; settings = {ASSET_TAGS = (); }; };
		55F7C28C1BE3D57600BA7537 /* Music.m in Sources */ = {isa = PBXBuildFile; fileRef = 55F7C28B1BE3D57600BA7537 /* Music.m */; settings = {ASSET_TAGS = (); }; };
		55F7C28F1BE3D65700BA7537 /* MusicTool.m in Sources */ = {isa = PBXBuildFile; fileRef = 55F7C28E1BE3D65700BA7537 /* MusicTool.m */; settings = {ASSET_TAGS = (); }; };
/* End PBXBuildFile section */

/* Begin PBXContainerItemProxy section */
		55F7C22B1BE3C01A00BA7537 /* PBXContainerItemProxy */ = {
			isa = PBXContainerItemProxy;
			containerPortal = 55F7C2091BE3C01A00BA7537 /* Project object */;
			proxyType = 1;
			remoteGlobalIDString = 55F7C2101BE3C01A00BA7537;
			remoteInfo = BaiDuMusic;
		};
		55F7C2361BE3C01A00BA7537 /* PBXContainerItemProxy */ = {
			isa = PBXContainerItemProxy;
			containerPortal = 55F7C2091BE3C01A00BA7537 /* Project object */;
			proxyType = 1;
			remoteGlobalIDString = 55F7C2101BE3C01A00BA7537;
			remoteInfo = BaiDuMusic;
		};
/* End PBXContainerItemProxy section */

/* Begin PBXFileReference section */
		558FA9091BE44397007293AD /* bb_icon@2x.jpg */ = {isa = PBXFileReference; lastKnownFileType = image.jpeg; path = "bb_icon@2x.jpg"; sourceTree = "<group>"; };
		558FA90A1BE44397007293AD /* bb@2x.jpg */ = {isa = PBXFileReference; lastKnownFileType = image.jpeg; path = "bb@2x.jpg"; sourceTree = "<group>"; };
		558FA90B1BE44397007293AD /* dzq_icon@2x.jpg */ = {isa = PBXFileReference; lastKnownFileType = image.jpeg; path = "dzq_icon@2x.jpg"; sourceTree = "<group>"; };
		558FA90C1BE44397007293AD /* dzq@2x.jpg */ = {isa = PBXFileReference; lastKnownFileType = image.jpeg; path = "dzq@2x.jpg"; sourceTree = "<group>"; };
		558FA90D1BE44397007293AD /* eason_icon@2x.jpg */ = {isa = PBXFileReference; lastKnownFileType = image.jpeg; path = "eason_icon@2x.jpg"; sourceTree = "<group>"; };
		558FA90E1BE44397007293AD /* eason@2x.jpg */ = {isa = PBXFileReference; lastKnownFileType = image.jpeg; path = "eason@2x.jpg"; sourceTree = "<group>"; };
		558FA90F1BE44397007293AD /* jay_icon@2x.png */ = {isa = PBXFileReference; lastKnownFileType = image.png; path = "jay_icon@2x.png"; sourceTree = "<group>"; };
		558FA9101BE44397007293AD /* jay@2x.jpg */ = {isa = PBXFileReference; lastKnownFileType = image.jpeg; path = "jay@2x.jpg"; sourceTree = "<group>"; };
		558FA9111BE44397007293AD /* jj_icon@2x.png */ = {isa = PBXFileReference; lastKnownFileType = image.png; path = "jj_icon@2x.png"; sourceTree = "<group>"; };
		558FA9121BE44397007293AD /* jj@2x.jpg */ = {isa = PBXFileReference; lastKnownFileType = image.jpeg; path = "jj@2x.jpg"; sourceTree = "<group>"; };
		558FA9131BE44397007293AD /* kzxd_icon@2x.jpg */ = {isa = PBXFileReference; lastKnownFileType = image.jpeg; path = "kzxd_icon@2x.jpg"; sourceTree = "<group>"; };
		558FA9141BE44397007293AD /* kzxd@2x.jpg */ = {isa = PBXFileReference; lastKnownFileType = image.jpeg; path = "kzxd@2x.jpg"; sourceTree = "<group>"; };
		558FA9151BE44397007293AD /* lkq_icon@2x.jpg */ = {isa = PBXFileReference; lastKnownFileType = image.jpeg; path = "lkq_icon@2x.jpg"; sourceTree = "<group>"; };
		558FA9161BE44397007293AD /* lkq@2x.jpg */ = {isa = PBXFileReference; lastKnownFileType = image.jpeg; path = "lkq@2x.jpg"; sourceTree = "<group>"; };
		558FA9171BE44397007293AD /* nanquan_icon@2x.jpg */ = {isa = PBXFileReference; lastKnownFileType = image.jpeg; path = "nanquan_icon@2x.jpg"; sourceTree = "<group>"; };
		558FA9181BE44397007293AD /* nanquan@2x.jpg */ = {isa = PBXFileReference; lastKnownFileType = image.jpeg; path = "nanquan@2x.jpg"; sourceTree = "<group>"; };
		558FA9191BE44397007293AD /* wf_icon@2x.jpg */ = {isa = PBXFileReference; lastKnownFileType = image.jpeg; path = "wf_icon@2x.jpg"; sourceTree = "<group>"; };
		558FA91A1BE44397007293AD /* wf@2x.jpg */ = {isa = PBXFileReference; lastKnownFileType = image.jpeg; path = "wf@2x.jpg"; sourceTree = "<group>"; };
		558FA91B1BE44397007293AD /* zxy_icon@2x.jpg */ = {isa = PBXFileReference; lastKnownFileType = image.jpeg; path = "zxy_icon@2x.jpg"; sourceTree = "<group>"; };
		558FA91C1BE44397007293AD /* zxy@2x.jpg */ = {isa = PBXFileReference; lastKnownFileType = image.jpeg; path = "zxy@2x.jpg"; sourceTree = "<group>"; };
		558FA9311BE443AC007293AD /* 235319.lrc */ = {isa = PBXFileReference; fileEncoding = 4; lastKnownFileType = text; path = 235319.lrc; sourceTree = "<group>"; };
		558FA9321BE443AC007293AD /* 255319.lrc */ = {isa = PBXFileReference; fileEncoding = 4; lastKnownFileType = text; path = 255319.lrc; sourceTree = "<group>"; };
		558FA9331BE443AC007293AD /* 309769.lrc */ = {isa = PBXFileReference; fileEncoding = 4; lastKnownFileType = text; path = 309769.lrc; sourceTree = "<group>"; };
		558FA9341BE443AC007293AD /* 339744.lrc */ = {isa = PBXFileReference; fileEncoding = 4; lastKnownFileType = text; path = 339744.lrc; sourceTree = "<group>"; };
		558FA9351BE443AC007293AD /* 10405520.lrc */ = {isa = PBXFileReference; fileEncoding = 4; lastKnownFileType = text; path = 10405520.lrc; sourceTree = "<group>"; };
		558FA9361BE443AC007293AD /* 10736444.lrc */ = {isa = PBXFileReference; fileEncoding = 4; lastKnownFileType = text; path = 10736444.lrc; sourceTree = "<group>"; };
		558FA9371BE443AC007293AD /* 12309111.lrc */ = {isa = PBXFileReference; fileEncoding = 4; lastKnownFileType = text; path = 12309111.lrc; sourceTree = "<group>"; };
		558FA9381BE443AC007293AD /* 14945107.lrc */ = {isa = PBXFileReference; fileEncoding = 4; lastKnownFileType = text; path = 14945107.lrc; sourceTree = "<group>"; };
		558FA9391BE443AC007293AD /* 120125029.lrc */ = {isa = PBXFileReference; fileEncoding = 4; lastKnownFileType = text; path = 120125029.lrc; sourceTree = "<group>"; };
		558FA93A1BE443AC007293AD /* 月半小夜曲.lrc */ = {isa = PBXFileReference; fileEncoding = 4; lastKnownFileType = text; path = "月半小夜曲.lrc"; sourceTree = "<group>"; };
		558FA9451BE443B9007293AD /* 235319.mp3 */ = {isa = PBXFileReference; lastKnownFileType = audio.mp3; path = 235319.mp3; sourceTree = "<group>"; };
		558FA9461BE443B9007293AD /* 255319.mp3 */ = {isa = PBXFileReference; lastKnownFileType = audio.mp3; path = 255319.mp3; sourceTree = "<group>"; };
		558FA9471BE443B9007293AD /* 309769.mp3 */ = {isa = PBXFileReference; lastKnownFileType = audio.mp3; path = 309769.mp3; sourceTree = "<group>"; };
		558FA9481BE443B9007293AD /* 339744.mp3 */ = {isa = PBXFileReference; lastKnownFileType = audio.mp3; path = 339744.mp3; sourceTree = "<group>"; };
		558FA9491BE443B9007293AD /* 10405520.mp3 */ = {isa = PBXFileReference; lastKnownFileType = audio.mp3; path = 10405520.mp3; sourceTree = "<group>"; };
		558FA94A1BE443B9007293AD /* 10736444.mp3 */ = {isa = PBXFileReference; lastKnownFileType = audio.mp3; path = 10736444.mp3; sourceTree = "<group>"; };
		558FA94B1BE443B9007293AD /* 12309111.mp3 */ = {isa = PBXFileReference; lastKnownFileType = audio.mp3; path = 12309111.mp3; sourceTree = "<group>"; };
		558FA94C1BE443B9007293AD /* 14945107.mp3 */ = {isa = PBXFileReference; lastKnownFileType = audio.mp3; path = 14945107.mp3; sourceTree = "<group>"; };
		558FA94D1BE443B9007293AD /* 120125029.mp3 */ = {isa = PBXFileReference; lastKnownFileType = audio.mp3; path = 120125029.mp3; sourceTree = "<group>"; };
		558FA94E1BE443B9007293AD /* 1201111234.mp3 */ = {isa = PBXFileReference; lastKnownFileType = audio.mp3; path = 1201111234.mp3; sourceTree = "<group>"; };
		558FA9591BE443C7007293AD /* Musics.plist */ = {isa = PBXFileReference; fileEncoding = 4; lastKnownFileType = text.plist.xml; path = Musics.plist; sourceTree = "<group>"; };
		55F7C2111BE3C01A00BA7537 /* BaiDuMusic.app */ = {isa = PBXFileReference; explicitFileType = wrapper.application; includeInIndex = 0; path = BaiDuMusic.app; sourceTree = BUILT_PRODUCTS_DIR; };
		55F7C21E1BE3C01A00BA7537 /* Base */ = {isa = PBXFileReference; lastKnownFileType = file.storyboard; name = Base; path = Base.lproj/Main.storyboard; sourceTree = "<group>"; };
		55F7C2201BE3C01A00BA7537 /* Assets.xcassets */ = {isa = PBXFileReference; lastKnownFileType = folder.assetcatalog; path = Assets.xcassets; sourceTree = "<group>"; };
		55F7C2231BE3C01A00BA7537 /* Base */ = {isa = PBXFileReference; lastKnownFileType = file.storyboard; name = Base; path = Base.lproj/LaunchScreen.storyboard; sourceTree = "<group>"; };
		55F7C2251BE3C01A00BA7537 /* Info.plist */ = {isa = PBXFileReference; lastKnownFileType = text.plist.xml; path = Info.plist; sourceTree = "<group>"; };
		55F7C22A1BE3C01A00BA7537 /* BaiDuMusicTests.xctest */ = {isa = PBXFileReference; explicitFileType = wrapper.cfbundle; includeInIndex = 0; path = BaiDuMusicTests.xctest; sourceTree = BUILT_PRODUCTS_DIR; };
		55F7C22E1BE3C01A00BA7537 /* BaiDuMusicTests.m */ = {isa = PBXFileReference; lastKnownFileType = sourcecode.c.objc; path = BaiDuMusicTests.m; sourceTree = "<group>"; };
		55F7C2301BE3C01A00BA7537 /* Info.plist */ = {isa = PBXFileReference; lastKnownFileType = text.plist.xml; path = Info.plist; sourceTree = "<group>"; };
		55F7C2351BE3C01A00BA7537 /* BaiDuMusicUITests.xctest */ = {isa = PBXFileReference; explicitFileType = wrapper.cfbundle; includeInIndex = 0; path = BaiDuMusicUITests.xctest; sourceTree = BUILT_PRODUCTS_DIR; };
		55F7C2391BE3C01A00BA7537 /* BaiDuMusicUITests.m */ = {isa = PBXFileReference; lastKnownFileType = sourcecode.c.objc; path = BaiDuMusicUITests.m; sourceTree = "<group>"; };
		55F7C23B1BE3C01A00BA7537 /* Info.plist */ = {isa = PBXFileReference; lastKnownFileType = text.plist.xml; path = Info.plist; sourceTree = "<group>"; };
		55F7C24F1BE3C1C800BA7537 /* AppDelegate.h */ = {isa = PBXFileReference; fileEncoding = 4; lastKnownFileType = sourcecode.c.h; path = AppDelegate.h; sourceTree = "<group>"; };
		55F7C2501BE3C1C800BA7537 /* AppDelegate.m */ = {isa = PBXFileReference; fileEncoding = 4; lastKnownFileType = sourcecode.c.objc; path = AppDelegate.m; sourceTree = "<group>"; };
		55F7C2511BE3C1C800BA7537 /* main.m */ = {isa = PBXFileReference; fileEncoding = 4; lastKnownFileType = sourcecode.c.objc; path = main.m; sourceTree = "<group>"; };
		55F7C2581BE3C2AD00BA7537 /* MainTableViewController.h */ = {isa = PBXFileReference; fileEncoding = 4; lastKnownFileType = sourcecode.c.h; path = MainTableViewController.h; sourceTree = "<group>"; };
		55F7C2591BE3C2AD00BA7537 /* MainTableViewController.m */ = {isa = PBXFileReference; fileEncoding = 4; lastKnownFileType = sourcecode.c.objc; path = MainTableViewController.m; sourceTree = "<group>"; };
		55F7C25C1BE3CB9100BA7537 /* MJDictionaryCache.h */ = {isa = PBXFileReference; fileEncoding = 4; lastKnownFileType = sourcecode.c.h; path = MJDictionaryCache.h; sourceTree = "<group>"; };
		55F7C25D1BE3CB9100BA7537 /* MJDictionaryCache.m */ = {isa = PBXFileReference; fileEncoding = 4; lastKnownFileType = sourcecode.c.objc; path = MJDictionaryCache.m; sourceTree = "<group>"; };
		55F7C25E1BE3CB9100BA7537 /* MJExtension.h */ = {isa = PBXFileReference; fileEncoding = 4; lastKnownFileType = sourcecode.c.h; path = MJExtension.h; sourceTree = "<group>"; };
		55F7C25F1BE3CB9100BA7537 /* MJExtensionConst.h */ = {isa = PBXFileReference; fileEncoding = 4; lastKnownFileType = sourcecode.c.h; path = MJExtensionConst.h; sourceTree = "<group>"; };
		55F7C2601BE3CB9100BA7537 /* MJExtensionConst.m */ = {isa = PBXFileReference; fileEncoding = 4; lastKnownFileType = sourcecode.c.objc; path = MJExtensionConst.m; sourceTree = "<group>"; };
		55F7C2611BE3CB9100BA7537 /* MJFoundation.h */ = {isa = PBXFileReference; fileEncoding = 4; lastKnownFileType = sourcecode.c.h; path = MJFoundation.h; sourceTree = "<group>"; };
		55F7C2621BE3CB9100BA7537 /* MJFoundation.m */ = {isa = PBXFileReference; fileEncoding = 4; lastKnownFileType = sourcecode.c.objc; path = MJFoundation.m; sourceTree = "<group>"; };
		55F7C2631BE3CB9100BA7537 /* MJProperty.h */ = {isa = PBXFileReference; fileEncoding = 4; lastKnownFileType = sourcecode.c.h; path = MJProperty.h; sourceTree = "<group>"; };
		55F7C2641BE3CB9100BA7537 /* MJProperty.m */ = {isa = PBXFileReference; fileEncoding = 4; lastKnownFileType = sourcecode.c.objc; path = MJProperty.m; sourceTree = "<group>"; };
		55F7C2651BE3CB9100BA7537 /* MJPropertyKey.h */ = {isa = PBXFileReference; fileEncoding = 4; lastKnownFileType = sourcecode.c.h; path = MJPropertyKey.h; sourceTree = "<group>"; };
		55F7C2661BE3CB9100BA7537 /* MJPropertyKey.m */ = {isa = PBXFileReference; fileEncoding = 4; lastKnownFileType = sourcecode.c.objc; path = MJPropertyKey.m; sourceTree = "<group>"; };
		55F7C2671BE3CB9100BA7537 /* MJPropertyType.h */ = {isa = PBXFileReference; fileEncoding = 4; lastKnownFileType = sourcecode.c.h; path = MJPropertyType.h; sourceTree = "<group>"; };
		55F7C2681BE3CB9100BA7537 /* MJPropertyType.m */ = {isa = PBXFileReference; fileEncoding = 4; lastKnownFileType = sourcecode.c.objc; path = MJPropertyType.m; sourceTree = "<group>"; };
		55F7C2691BE3CB9100BA7537 /* NSObject+MJClass.h */ = {isa = PBXFileReference; fileEncoding = 4; lastKnownFileType = sourcecode.c.h; path = "NSObject+MJClass.h"; sourceTree = "<group>"; };
		55F7C26A1BE3CB9100BA7537 /* NSObject+MJClass.m */ = {isa = PBXFileReference; fileEncoding = 4; lastKnownFileType = sourcecode.c.objc; path = "NSObject+MJClass.m"; sourceTree = "<group>"; };
		55F7C26B1BE3CB9100BA7537 /* NSObject+MJCoding.h */ = {isa = PBXFileReference; fileEncoding = 4; lastKnownFileType = sourcecode.c.h; path = "NSObject+MJCoding.h"; sourceTree = "<group>"; };
		55F7C26C1BE3CB9100BA7537 /* NSObject+MJCoding.m */ = {isa = PBXFileReference; fileEncoding = 4; lastKnownFileType = sourcecode.c.objc; path = "NSObject+MJCoding.m"; sourceTree = "<group>"; };
		55F7C26D1BE3CB9100BA7537 /* NSObject+MJKeyValue.h */ = {isa = PBXFileReference; fileEncoding = 4; lastKnownFileType = sourcecode.c.h; path = "NSObject+MJKeyValue.h"; sourceTree = "<group>"; };
		55F7C26E1BE3CB9100BA7537 /* NSObject+MJKeyValue.m */ = {isa = PBXFileReference; fileEncoding = 4; lastKnownFileType = sourcecode.c.objc; path = "NSObject+MJKeyValue.m"; sourceTree = "<group>"; };
		55F7C26F1BE3CB9100BA7537 /* NSObject+MJProperty.h */ = {isa = PBXFileReference; fileEncoding = 4; lastKnownFileType = sourcecode.c.h; path = "NSObject+MJProperty.h"; sourceTree = "<group>"; };
		55F7C2701BE3CB9100BA7537 /* NSObject+MJProperty.m */ = {isa = PBXFileReference; fileEncoding = 4; lastKnownFileType = sourcecode.c.objc; path = "NSObject+MJProperty.m"; sourceTree = "<group>"; };
		55F7C2711BE3CB9100BA7537 /* NSString+MJExtension.h */ = {isa = PBXFileReference; fileEncoding = 4; lastKnownFileType = sourcecode.c.h; path = "NSString+MJExtension.h"; sourceTree = "<group>"; };
		55F7C2721BE3CB9100BA7537 /* NSString+MJExtension.m */ = {isa = PBXFileReference; fileEncoding = 4; lastKnownFileType = sourcecode.c.objc; path = "NSString+MJExtension.m"; sourceTree = "<group>"; };
		55F7C27E1BE3CD8E00BA7537 /* UIView+Frame.h */ = {isa = PBXFileReference; fileEncoding = 4; lastKnownFileType = sourcecode.c.h; path = "UIView+Frame.h"; sourceTree = "<group>"; };
		55F7C27F1BE3CD8E00BA7537 /* UIView+Frame.m */ = {isa = PBXFileReference; fileEncoding = 4; lastKnownFileType = sourcecode.c.objc; path = "UIView+Frame.m"; sourceTree = "<group>"; };
		55F7C2811BE3CDB300BA7537 /* UIImage+Shape.h */ = {isa = PBXFileReference; fileEncoding = 4; lastKnownFileType = sourcecode.c.h; path = "UIImage+Shape.h"; sourceTree = "<group>"; };
		55F7C2821BE3CDB300BA7537 /* UIImage+Shape.m */ = {isa = PBXFileReference; fileEncoding = 4; lastKnownFileType = sourcecode.c.objc; path = "UIImage+Shape.m"; sourceTree = "<group>"; };
		55F7C28A1BE3D57600BA7537 /* Music.h */ = {isa = PBXFileReference; fileEncoding = 4; lastKnownFileType = sourcecode.c.h; path = Music.h; sourceTree = "<group>"; };
		55F7C28B1BE3D57600BA7537 /* Music.m */ = {isa = PBXFileReference; fileEncoding = 4; lastKnownFileType = sourcecode.c.objc; path = Music.m; sourceTree = "<group>"; };
		55F7C28D1BE3D65700BA7537 /* MusicTool.h */ = {isa = PBXFileReference; fileEncoding = 4; lastKnownFileType = sourcecode.c.h; path = MusicTool.h; sourceTree = "<group>"; };
		55F7C28E1BE3D65700BA7537 /* MusicTool.m */ = {isa = PBXFileReference; fileEncoding = 4; lastKnownFileType = sourcecode.c.objc; path = MusicTool.m; sourceTree = "<group>"; };
/* End PBXFileReference section */

/* Begin PBXFrameworksBuildPhase section */
		55F7C20E1BE3C01A00BA7537 /* Frameworks */ = {
			isa = PBXFrameworksBuildPhase;
			buildActionMask = 2147483647;
			files = (
			);
			runOnlyForDeploymentPostprocessing = 0;
		};
		55F7C2271BE3C01A00BA7537 /* Frameworks */ = {
			isa = PBXFrameworksBuildPhase;
			buildActionMask = 2147483647;
			files = (
			);
			runOnlyForDeploymentPostprocessing = 0;
		};
		55F7C2321BE3C01A00BA7537 /* Frameworks */ = {
			isa = PBXFrameworksBuildPhase;
			buildActionMask = 2147483647;
			files = (
			);
			runOnlyForDeploymentPostprocessing = 0;
		};
/* End PBXFrameworksBuildPhase section */

/* Begin PBXGroup section */
		55F7C2081BE3C01A00BA7537 = {
			isa = PBXGroup;
			children = (
				55F7C2131BE3C01A00BA7537 /* BaiDuMusic */,
				55F7C22D1BE3C01A00BA7537 /* BaiDuMusicTests */,
				55F7C2381BE3C01A00BA7537 /* BaiDuMusicUITests */,
				55F7C2121BE3C01A00BA7537 /* Products */,
			);
			sourceTree = "<group>";
		};
		55F7C2121BE3C01A00BA7537 /* Products */ = {
			isa = PBXGroup;
			children = (
				55F7C2111BE3C01A00BA7537 /* BaiDuMusic.app */,
				55F7C22A1BE3C01A00BA7537 /* BaiDuMusicTests.xctest */,
				55F7C2351BE3C01A00BA7537 /* BaiDuMusicUITests.xctest */,
			);
			name = Products;
			sourceTree = "<group>";
		};
		55F7C2131BE3C01A00BA7537 /* BaiDuMusic */ = {
			isa = PBXGroup;
			children = (
				55F7C24B1BE3C1C800BA7537 /* Classes */,
				55F7C21D1BE3C01A00BA7537 /* Main.storyboard */,
				55F7C2201BE3C01A00BA7537 /* Assets.xcassets */,
				55F7C2221BE3C01A00BA7537 /* LaunchScreen.storyboard */,
				55F7C2251BE3C01A00BA7537 /* Info.plist */,
				55F7C2471BE3C1C200BA7537 /* Resources */,
				55F7C2141BE3C01A00BA7537 /* Supporting Files */,
			);
			path = BaiDuMusic;
			sourceTree = "<group>";
		};
		55F7C2141BE3C01A00BA7537 /* Supporting Files */ = {
			isa = PBXGroup;
			children = (
			);
			name = "Supporting Files";
			sourceTree = "<group>";
		};
		55F7C22D1BE3C01A00BA7537 /* BaiDuMusicTests */ = {
			isa = PBXGroup;
			children = (
				55F7C22E1BE3C01A00BA7537 /* BaiDuMusicTests.m */,
				55F7C2301BE3C01A00BA7537 /* Info.plist */,
			);
			path = BaiDuMusicTests;
			sourceTree = "<group>";
		};
		55F7C2381BE3C01A00BA7537 /* BaiDuMusicUITests */ = {
			isa = PBXGroup;
			children = (
				55F7C2391BE3C01A00BA7537 /* BaiDuMusicUITests.m */,
				55F7C23B1BE3C01A00BA7537 /* Info.plist */,
			);
			path = BaiDuMusicUITests;
			sourceTree = "<group>";
		};
		55F7C2471BE3C1C200BA7537 /* Resources */ = {
			isa = PBXGroup;
			children = (
				558FA9591BE443C7007293AD /* Musics.plist */,
				55F7C2481BE3C1C200BA7537 /* Image */,
				55F7C2491BE3C1C200BA7537 /* Lrc */,
				55F7C24A1BE3C1C200BA7537 /* mp3 */,
			);
			path = Resources;
			sourceTree = "<group>";
		};
		55F7C2481BE3C1C200BA7537 /* Image */ = {
			isa = PBXGroup;
			children = (
				558FA9091BE44397007293AD /* bb_icon@2x.jpg */,
				558FA90A1BE44397007293AD /* bb@2x.jpg */,
				558FA90B1BE44397007293AD /* dzq_icon@2x.jpg */,
				558FA90C1BE44397007293AD /* dzq@2x.jpg */,
				558FA90D1BE44397007293AD /* eason_icon@2x.jpg */,
				558FA90E1BE44397007293AD /* eason@2x.jpg */,
				558FA90F1BE44397007293AD /* jay_icon@2x.png */,
				558FA9101BE44397007293AD /* jay@2x.jpg */,
				558FA9111BE44397007293AD /* jj_icon@2x.png */,
				558FA9121BE44397007293AD /* jj@2x.jpg */,
				558FA9131BE44397007293AD /* kzxd_icon@2x.jpg */,
				558FA9141BE44397007293AD /* kzxd@2x.jpg */,
				558FA9151BE44397007293AD /* lkq_icon@2x.jpg */,
				558FA9161BE44397007293AD /* lkq@2x.jpg */,
				558FA9171BE44397007293AD /* nanquan_icon@2x.jpg */,
				558FA9181BE44397007293AD /* nanquan@2x.jpg */,
				558FA9191BE44397007293AD /* wf_icon@2x.jpg */,
				558FA91A1BE44397007293AD /* wf@2x.jpg */,
				558FA91B1BE44397007293AD /* zxy_icon@2x.jpg */,
				558FA91C1BE44397007293AD /* zxy@2x.jpg */,
			);
			path = Image;
			sourceTree = "<group>";
		};
		55F7C2491BE3C1C200BA7537 /* Lrc */ = {
			isa = PBXGroup;
			children = (
				558FA9311BE443AC007293AD /* 235319.lrc */,
				558FA9321BE443AC007293AD /* 255319.lrc */,
				558FA9331BE443AC007293AD /* 309769.lrc */,
				558FA9341BE443AC007293AD /* 339744.lrc */,
				558FA9351BE443AC007293AD /* 10405520.lrc */,
				558FA9361BE443AC007293AD /* 10736444.lrc */,
				558FA9371BE443AC007293AD /* 12309111.lrc */,
				558FA9381BE443AC007293AD /* 14945107.lrc */,
				558FA9391BE443AC007293AD /* 120125029.lrc */,
				558FA93A1BE443AC007293AD /* 月半小夜曲.lrc */,
			);
			path = Lrc;
			sourceTree = "<group>";
		};
		55F7C24A1BE3C1C200BA7537 /* mp3 */ = {
			isa = PBXGroup;
			children = (
				558FA9451BE443B9007293AD /* 235319.mp3 */,
				558FA9461BE443B9007293AD /* 255319.mp3 */,
				558FA9471BE443B9007293AD /* 309769.mp3 */,
				558FA9481BE443B9007293AD /* 339744.mp3 */,
				558FA9491BE443B9007293AD /* 10405520.mp3 */,
				558FA94A1BE443B9007293AD /* 10736444.mp3 */,
				558FA94B1BE443B9007293AD /* 12309111.mp3 */,
				558FA94C1BE443B9007293AD /* 14945107.mp3 */,
				558FA94D1BE443B9007293AD /* 120125029.mp3 */,
				558FA94E1BE443B9007293AD /* 1201111234.mp3 */,
			);
			path = mp3;
			sourceTree = "<group>";
		};
		55F7C24B1BE3C1C800BA7537 /* Classes */ = {
			isa = PBXGroup;
			children = (
				55F7C24C1BE3C1C800BA7537 /* Controller */,
				55F7C24D1BE3C1C800BA7537 /* Model */,
				55F7C24E1BE3C1C800BA7537 /* Other */,
				55F7C2521BE3C1C800BA7537 /* Tools */,
				55F7C2551BE3C1C800BA7537 /* View */,
			);
			path = Classes;
			sourceTree = "<group>";
		};
		55F7C24C1BE3C1C800BA7537 /* Controller */ = {
			isa = PBXGroup;
			children = (
				55F7C2581BE3C2AD00BA7537 /* MainTableViewController.h */,
				55F7C2591BE3C2AD00BA7537 /* MainTableViewController.m */,
			);
			path = Controller;
			sourceTree = "<group>";
		};
		55F7C24D1BE3C1C800BA7537 /* Model */ = {
			isa = PBXGroup;
			children = (
				55F7C28A1BE3D57600BA7537 /* Music.h */,
				55F7C28B1BE3D57600BA7537 /* Music.m */,
			);
			path = Model;
			sourceTree = "<group>";
		};
		55F7C24E1BE3C1C800BA7537 /* Other */ = {
			isa = PBXGroup;
			children = (
				55F7C24F1BE3C1C800BA7537 /* AppDelegate.h */,
				55F7C2501BE3C1C800BA7537 /* AppDelegate.m */,
				55F7C2511BE3C1C800BA7537 /* main.m */,
			);
			path = Other;
			sourceTree = "<group>";
		};
		55F7C2521BE3C1C800BA7537 /* Tools */ = {
			isa = PBXGroup;
			children = (
				55F7C28D1BE3D65700BA7537 /* MusicTool.h */,
				55F7C28E1BE3D65700BA7537 /* MusicTool.m */,
				55F7C2531BE3C1C800BA7537 /* Category */,
				55F7C2541BE3C1C800BA7537 /* Lib */,
			);
			path = Tools;
			sourceTree = "<group>";
		};
		55F7C2531BE3C1C800BA7537 /* Category */ = {
			isa = PBXGroup;
			children = (
				55F7C27E1BE3CD8E00BA7537 /* UIView+Frame.h */,
				55F7C27F1BE3CD8E00BA7537 /* UIView+Frame.m */,
				55F7C2811BE3CDB300BA7537 /* UIImage+Shape.h */,
				55F7C2821BE3CDB300BA7537 /* UIImage+Shape.m */,
			);
			path = Category;
			sourceTree = "<group>";
		};
		55F7C2541BE3C1C800BA7537 /* Lib */ = {
			isa = PBXGroup;
			children = (
				55F7C25B1BE3CB9100BA7537 /* MJExtension */,
			);
			path = Lib;
			sourceTree = "<group>";
		};
		55F7C2551BE3C1C800BA7537 /* View */ = {
			isa = PBXGroup;
			children = (
			);
			path = View;
			sourceTree = "<group>";
		};
		55F7C25B1BE3CB9100BA7537 /* MJExtension */ = {
			isa = PBXGroup;
			children = (
				55F7C25C1BE3CB9100BA7537 /* MJDictionaryCache.h */,
				55F7C25D1BE3CB9100BA7537 /* MJDictionaryCache.m */,
				55F7C25E1BE3CB9100BA7537 /* MJExtension.h */,
				55F7C25F1BE3CB9100BA7537 /* MJExtensionConst.h */,
				55F7C2601BE3CB9100BA7537 /* MJExtensionConst.m */,
				55F7C2611BE3CB9100BA7537 /* MJFoundation.h */,
				55F7C2621BE3CB9100BA7537 /* MJFoundation.m */,
				55F7C2631BE3CB9100BA7537 /* MJProperty.h */,
				55F7C2641BE3CB9100BA7537 /* MJProperty.m */,
				55F7C2651BE3CB9100BA7537 /* MJPropertyKey.h */,
				55F7C2661BE3CB9100BA7537 /* MJPropertyKey.m */,
				55F7C2671BE3CB9100BA7537 /* MJPropertyType.h */,
				55F7C2681BE3CB9100BA7537 /* MJPropertyType.m */,
				55F7C2691BE3CB9100BA7537 /* NSObject+MJClass.h */,
				55F7C26A1BE3CB9100BA7537 /* NSObject+MJClass.m */,
				55F7C26B1BE3CB9100BA7537 /* NSObject+MJCoding.h */,
				55F7C26C1BE3CB9100BA7537 /* NSObject+MJCoding.m */,
				55F7C26D1BE3CB9100BA7537 /* NSObject+MJKeyValue.h */,
				55F7C26E1BE3CB9100BA7537 /* NSObject+MJKeyValue.m */,
				55F7C26F1BE3CB9100BA7537 /* NSObject+MJProperty.h */,
				55F7C2701BE3CB9100BA7537 /* NSObject+MJProperty.m */,
				55F7C2711BE3CB9100BA7537 /* NSString+MJExtension.h */,
				55F7C2721BE3CB9100BA7537 /* NSString+MJExtension.m */,
			);
			path = MJExtension;
			sourceTree = "<group>";
		};
/* End PBXGroup section */

/* Begin PBXNativeTarget section */
		55F7C2101BE3C01A00BA7537 /* BaiDuMusic */ = {
			isa = PBXNativeTarget;
			buildConfigurationList = 55F7C23E1BE3C01A00BA7537 /* Build configuration list for PBXNativeTarget "BaiDuMusic" */;
			buildPhases = (
				55F7C20D1BE3C01A00BA7537 /* Sources */,
				55F7C20E1BE3C01A00BA7537 /* Frameworks */,
				55F7C20F1BE3C01A00BA7537 /* Resources */,
			);
			buildRules = (
			);
			dependencies = (
			);
			name = BaiDuMusic;
			productName = BaiDuMusic;
			productReference = 55F7C2111BE3C01A00BA7537 /* BaiDuMusic.app */;
			productType = "com.apple.product-type.application";
		};
		55F7C2291BE3C01A00BA7537 /* BaiDuMusicTests */ = {
			isa = PBXNativeTarget;
			buildConfigurationList = 55F7C2411BE3C01A00BA7537 /* Build configuration list for PBXNativeTarget "BaiDuMusicTests" */;
			buildPhases = (
				55F7C2261BE3C01A00BA7537 /* Sources */,
				55F7C2271BE3C01A00BA7537 /* Frameworks */,
				55F7C2281BE3C01A00BA7537 /* Resources */,
			);
			buildRules = (
			);
			dependencies = (
				55F7C22C1BE3C01A00BA7537 /* PBXTargetDependency */,
			);
			name = BaiDuMusicTests;
			productName = BaiDuMusicTests;
			productReference = 55F7C22A1BE3C01A00BA7537 /* BaiDuMusicTests.xctest */;
			productType = "com.apple.product-type.bundle.unit-test";
		};
		55F7C2341BE3C01A00BA7537 /* BaiDuMusicUITests */ = {
			isa = PBXNativeTarget;
			buildConfigurationList = 55F7C2441BE3C01A00BA7537 /* Build configuration list for PBXNativeTarget "BaiDuMusicUITests" */;
			buildPhases = (
				55F7C2311BE3C01A00BA7537 /* Sources */,
				55F7C2321BE3C01A00BA7537 /* Frameworks */,
				55F7C2331BE3C01A00BA7537 /* Resources */,
			);
			buildRules = (
			);
			dependencies = (
				55F7C2371BE3C01A00BA7537 /* PBXTargetDependency */,
			);
			name = BaiDuMusicUITests;
			productName = BaiDuMusicUITests;
			productReference = 55F7C2351BE3C01A00BA7537 /* BaiDuMusicUITests.xctest */;
			productType = "com.apple.product-type.bundle.ui-testing";
		};
/* End PBXNativeTarget section */

/* Begin PBXProject section */
		55F7C2091BE3C01A00BA7537 /* Project object */ = {
			isa = PBXProject;
			attributes = {
				LastUpgradeCheck = 0700;
				ORGANIZATIONNAME = "余丽丽";
				TargetAttributes = {
					55F7C2101BE3C01A00BA7537 = {
						CreatedOnToolsVersion = 7.0;
					};
					55F7C2291BE3C01A00BA7537 = {
						CreatedOnToolsVersion = 7.0;
						TestTargetID = 55F7C2101BE3C01A00BA7537;
					};
					55F7C2341BE3C01A00BA7537 = {
						CreatedOnToolsVersion = 7.0;
						TestTargetID = 55F7C2101BE3C01A00BA7537;
					};
				};
			};
			buildConfigurationList = 55F7C20C1BE3C01A00BA7537 /* Build configuration list for PBXProject "BaiDuMusic" */;
			compatibilityVersion = "Xcode 3.2";
			developmentRegion = English;
			hasScannedForEncodings = 0;
			knownRegions = (
				en,
				Base,
			);
			mainGroup = 55F7C2081BE3C01A00BA7537;
			productRefGroup = 55F7C2121BE3C01A00BA7537 /* Products */;
			projectDirPath = "";
			projectRoot = "";
			targets = (
				55F7C2101BE3C01A00BA7537 /* BaiDuMusic */,
				55F7C2291BE3C01A00BA7537 /* BaiDuMusicTests */,
				55F7C2341BE3C01A00BA7537 /* BaiDuMusicUITests */,
			);
		};
/* End PBXProject section */

/* Begin PBXResourcesBuildPhase section */
		55F7C20F1BE3C01A00BA7537 /* Resources */ = {
			isa = PBXResourcesBuildPhase;
			buildActionMask = 2147483647;
			files = (
				558FA93B1BE443AC007293AD /* 235319.lrc in Resources */,
				558FA9531BE443B9007293AD /* 10405520.mp3 in Resources */,
				558FA9211BE44397007293AD /* eason_icon@2x.jpg in Resources */,
				558FA9431BE443AC007293AD /* 120125029.lrc in Resources */,
				558FA9551BE443B9007293AD /* 12309111.mp3 in Resources */,
				55F7C2241BE3C01A00BA7537 /* LaunchScreen.storyboard in Resources */,
				558FA95A1BE443C7007293AD /* Musics.plist in Resources */,
				558FA9281BE44397007293AD /* kzxd@2x.jpg in Resources */,
				558FA9231BE44397007293AD /* jay_icon@2x.png in Resources */,
				558FA9511BE443B9007293AD /* 309769.mp3 in Resources */,
				558FA91F1BE44397007293AD /* dzq_icon@2x.jpg in Resources */,
				558FA94F1BE443B9007293AD /* 235319.mp3 in Resources */,
				558FA92E1BE44397007293AD /* wf@2x.jpg in Resources */,
				558FA9421BE443AC007293AD /* 14945107.lrc in Resources */,
				558FA9271BE44397007293AD /* kzxd_icon@2x.jpg in Resources */,
				558FA9401BE443AC007293AD /* 10736444.lrc in Resources */,
				558FA92C1BE44397007293AD /* nanquan@2x.jpg in Resources */,
				558FA9581BE443B9007293AD /* 1201111234.mp3 in Resources */,
				558FA9221BE44397007293AD /* eason@2x.jpg in Resources */,
				558FA93C1BE443AC007293AD /* 255319.lrc in Resources */,
				55F7C2211BE3C01A00BA7537 /* Assets.xcassets in Resources */,
				558FA9291BE44397007293AD /* lkq_icon@2x.jpg in Resources */,
				55F7C21F1BE3C01A00BA7537 /* Main.storyboard in Resources */,
				558FA9561BE443B9007293AD /* 14945107.mp3 in Resources */,
				558FA9251BE44397007293AD /* jj_icon@2x.png in Resources */,
				558FA92D1BE44397007293AD /* wf_icon@2x.jpg in Resources */,
				558FA93F1BE443AC007293AD /* 10405520.lrc in Resources */,
				558FA91D1BE44397007293AD /* bb_icon@2x.jpg in Resources */,
				558FA9261BE44397007293AD /* jj@2x.jpg in Resources */,
				558FA9571BE443B9007293AD /* 120125029.mp3 in Resources */,
				558FA9541BE443B9007293AD /* 10736444.mp3 in Resources */,
				558FA92A1BE44397007293AD /* lkq@2x.jpg in Resources */,
				558FA92B1BE44397007293AD /* nanquan_icon@2x.jpg in Resources */,
				558FA9441BE443AC007293AD /* 月半小夜曲.lrc in Resources */,
				558FA9241BE44397007293AD /* jay@2x.jpg in Resources */,
				558FA9521BE443B9007293AD /* 339744.mp3 in Resources */,
				558FA92F1BE44397007293AD /* zxy_icon@2x.jpg in Resources */,
				558FA9301BE44397007293AD /* zxy@2x.jpg in Resources */,
				558FA9411BE443AC007293AD /* 12309111.lrc in Resources */,
				558FA9501BE443B9007293AD /* 255319.mp3 in Resources */,
				558FA93E1BE443AC007293AD /* 339744.lrc in Resources */,
				558FA93D1BE443AC007293AD /* 309769.lrc in Resources */,
				558FA91E1BE44397007293AD /* bb@2x.jpg in Resources */,
				558FA9201BE44397007293AD /* dzq@2x.jpg in Resources */,
			);
			runOnlyForDeploymentPostprocessing = 0;
		};
		55F7C2281BE3C01A00BA7537 /* Resources */ = {
			isa = PBXResourcesBuildPhase;
			buildActionMask = 2147483647;
			files = (
			);
			runOnlyForDeploymentPostprocessing = 0;
		};
		55F7C2331BE3C01A00BA7537 /* Resources */ = {
			isa = PBXResourcesBuildPhase;
			buildActionMask = 2147483647;
			files = (
			);
			runOnlyForDeploymentPostprocessing = 0;
		};
/* End PBXResourcesBuildPhase section */

/* Begin PBXSourcesBuildPhase section */
		55F7C20D1BE3C01A00BA7537 /* Sources */ = {
			isa = PBXSourcesBuildPhase;
			buildActionMask = 2147483647;
			files = (
				55F7C2781BE3CB9100BA7537 /* MJPropertyType.m in Sources */,
				55F7C2571BE3C1C800BA7537 /* main.m in Sources */,
				55F7C2741BE3CB9100BA7537 /* MJExtensionConst.m in Sources */,
				55F7C2801BE3CD8E00BA7537 /* UIView+Frame.m in Sources */,
				55F7C2791BE3CB9100BA7537 /* NSObject+MJClass.m in Sources */,
				55F7C28F1BE3D65700BA7537 /* MusicTool.m in Sources */,
				55F7C27C1BE3CB9100BA7537 /* NSObject+MJProperty.m in Sources */,
				55F7C27B1BE3CB9100BA7537 /* NSObject+MJKeyValue.m in Sources */,
				55F7C2831BE3CDB300BA7537 /* UIImage+Shape.m in Sources */,
				55F7C2761BE3CB9100BA7537 /* MJProperty.m in Sources */,
				55F7C28C1BE3D57600BA7537 /* Music.m in Sources */,
				55F7C2561BE3C1C800BA7537 /* AppDelegate.m in Sources */,
				55F7C27A1BE3CB9100BA7537 /* NSObject+MJCoding.m in Sources */,
				55F7C2751BE3CB9100BA7537 /* MJFoundation.m in Sources */,
				55F7C27D1BE3CB9100BA7537 /* NSString+MJExtension.m in Sources */,
				55F7C25A1BE3C2AD00BA7537 /* MainTableViewController.m in Sources */,
				55F7C2731BE3CB9100BA7537 /* MJDictionaryCache.m in Sources */,
				55F7C2771BE3CB9100BA7537 /* MJPropertyKey.m in Sources */,
			);
			runOnlyForDeploymentPostprocessing = 0;
		};
		55F7C2261BE3C01A00BA7537 /* Sources */ = {
			isa = PBXSourcesBuildPhase;
			buildActionMask = 2147483647;
			files = (
				55F7C22F1BE3C01A00BA7537 /* BaiDuMusicTests.m in Sources */,
			);
			runOnlyForDeploymentPostprocessing = 0;
		};
		55F7C2311BE3C01A00BA7537 /* Sources */ = {
			isa = PBXSourcesBuildPhase;
			buildActionMask = 2147483647;
			files = (
				55F7C23A1BE3C01A00BA7537 /* BaiDuMusicUITests.m in Sources */,
			);
			runOnlyForDeploymentPostprocessing = 0;
		};
/* End PBXSourcesBuildPhase section */

/* Begin PBXTargetDependency section */
		55F7C22C1BE3C01A00BA7537 /* PBXTargetDependency */ = {
			isa = PBXTargetDependency;
			target = 55F7C2101BE3C01A00BA7537 /* BaiDuMusic */;
			targetProxy = 55F7C22B1BE3C01A00BA7537 /* PBXContainerItemProxy */;
		};
		55F7C2371BE3C01A00BA7537 /* PBXTargetDependency */ = {
			isa = PBXTargetDependency;
			target = 55F7C2101BE3C01A00BA7537 /* BaiDuMusic */;
			targetProxy = 55F7C2361BE3C01A00BA7537 /* PBXContainerItemProxy */;
		};
/* End PBXTargetDependency section */

/* Begin PBXVariantGroup section */
		55F7C21D1BE3C01A00BA7537 /* Main.storyboard */ = {
			isa = PBXVariantGroup;
			children = (
				55F7C21E1BE3C01A00BA7537 /* Base */,
			);
			name = Main.storyboard;
			sourceTree = "<group>";
		};
		55F7C2221BE3C01A00BA7537 /* LaunchScreen.storyboard */ = {
			isa = PBXVariantGroup;
			children = (
				55F7C2231BE3C01A00BA7537 /* Base */,
			);
			name = LaunchScreen.storyboard;
			sourceTree = "<group>";
		};
/* End PBXVariantGroup section */

/* Begin XCBuildConfiguration section */
		55F7C23C1BE3C01A00BA7537 /* Debug */ = {
			isa = XCBuildConfiguration;
			buildSettings = {
				ALWAYS_SEARCH_USER_PATHS = NO;
				CLANG_CXX_LANGUAGE_STANDARD = "gnu++0x";
				CLANG_CXX_LIBRARY = "libc++";
				CLANG_ENABLE_MODULES = YES;
				CLANG_ENABLE_OBJC_ARC = YES;
				CLANG_WARN_BOOL_CONVERSION = YES;
				CLANG_WARN_CONSTANT_CONVERSION = YES;
				CLANG_WARN_DIRECT_OBJC_ISA_USAGE = YES_ERROR;
				CLANG_WARN_EMPTY_BODY = YES;
				CLANG_WARN_ENUM_CONVERSION = YES;
				CLANG_WARN_INT_CONVERSION = YES;
				CLANG_WARN_OBJC_ROOT_CLASS = YES_ERROR;
				CLANG_WARN_UNREACHABLE_CODE = YES;
				CLANG_WARN__DUPLICATE_METHOD_MATCH = YES;
				"CODE_SIGN_IDENTITY[sdk=iphoneos*]" = "iPhone Developer";
				COPY_PHASE_STRIP = NO;
				DEBUG_INFORMATION_FORMAT = dwarf;
				ENABLE_STRICT_OBJC_MSGSEND = YES;
				ENABLE_TESTABILITY = YES;
				GCC_C_LANGUAGE_STANDARD = gnu99;
				GCC_DYNAMIC_NO_PIC = NO;
				GCC_NO_COMMON_BLOCKS = YES;
				GCC_OPTIMIZATION_LEVEL = 0;
				GCC_PREPROCESSOR_DEFINITIONS = (
					"DEBUG=1",
					"$(inherited)",
				);
				GCC_WARN_64_TO_32_BIT_CONVERSION = YES;
				GCC_WARN_ABOUT_RETURN_TYPE = YES_ERROR;
				GCC_WARN_UNDECLARED_SELECTOR = YES;
				GCC_WARN_UNINITIALIZED_AUTOS = YES_AGGRESSIVE;
				GCC_WARN_UNUSED_FUNCTION = YES;
				GCC_WARN_UNUSED_VARIABLE = YES;
				IPHONEOS_DEPLOYMENT_TARGET = 9.0;
				MTL_ENABLE_DEBUG_INFO = YES;
				ONLY_ACTIVE_ARCH = YES;
				SDKROOT = iphoneos;
			};
			name = Debug;
		};
		55F7C23D1BE3C01A00BA7537 /* Release */ = {
			isa = XCBuildConfiguration;
			buildSettings = {
				ALWAYS_SEARCH_USER_PATHS = NO;
				CLANG_CXX_LANGUAGE_STANDARD = "gnu++0x";
				CLANG_CXX_LIBRARY = "libc++";
				CLANG_ENABLE_MODULES = YES;
				CLANG_ENABLE_OBJC_ARC = YES;
				CLANG_WARN_BOOL_CONVERSION = YES;
				CLANG_WARN_CONSTANT_CONVERSION = YES;
				CLANG_WARN_DIRECT_OBJC_ISA_USAGE = YES_ERROR;
				CLANG_WARN_EMPTY_BODY = YES;
				CLANG_WARN_ENUM_CONVERSION = YES;
				CLANG_WARN_INT_CONVERSION = YES;
				CLANG_WARN_OBJC_ROOT_CLASS = YES_ERROR;
				CLANG_WARN_UNREACHABLE_CODE = YES;
				CLANG_WARN__DUPLICATE_METHOD_MATCH = YES;
				"CODE_SIGN_IDENTITY[sdk=iphoneos*]" = "iPhone Developer";
				COPY_PHASE_STRIP = NO;
				DEBUG_INFORMATION_FORMAT = "dwarf-with-dsym";
				ENABLE_NS_ASSERTIONS = NO;
				ENABLE_STRICT_OBJC_MSGSEND = YES;
				GCC_C_LANGUAGE_STANDARD = gnu99;
				GCC_NO_COMMON_BLOCKS = YES;
				GCC_WARN_64_TO_32_BIT_CONVERSION = YES;
				GCC_WARN_ABOUT_RETURN_TYPE = YES_ERROR;
				GCC_WARN_UNDECLARED_SELECTOR = YES;
				GCC_WARN_UNINITIALIZED_AUTOS = YES_AGGRESSIVE;
				GCC_WARN_UNUSED_FUNCTION = YES;
				GCC_WARN_UNUSED_VARIABLE = YES;
				IPHONEOS_DEPLOYMENT_TARGET = 9.0;
				MTL_ENABLE_DEBUG_INFO = NO;
				SDKROOT = iphoneos;
				VALIDATE_PRODUCT = YES;
			};
			name = Release;
		};
		55F7C23F1BE3C01A00BA7537 /* Debug */ = {
			isa = XCBuildConfiguration;
			buildSettings = {
				ASSETCATALOG_COMPILER_APPICON_NAME = AppIcon;
				INFOPLIST_FILE = BaiDuMusic/Info.plist;
				LD_RUNPATH_SEARCH_PATHS = "$(inherited) @executable_path/Frameworks";
				PRODUCT_BUNDLE_IDENTIFIER = cn.yll.BaiDuMusic;
				PRODUCT_NAME = "$(TARGET_NAME)";
			};
			name = Debug;
		};
		55F7C2401BE3C01A00BA7537 /* Release */ = {
			isa = XCBuildConfiguration;
			buildSettings = {
				ASSETCATALOG_COMPILER_APPICON_NAME = AppIcon;
				INFOPLIST_FILE = BaiDuMusic/Info.plist;
				LD_RUNPATH_SEARCH_PATHS = "$(inherited) @executable_path/Frameworks";
				PRODUCT_BUNDLE_IDENTIFIER = cn.yll.BaiDuMusic;
				PRODUCT_NAME = "$(TARGET_NAME)";
			};
			name = Release;
		};
		55F7C2421BE3C01A00BA7537 /* Debug */ = {
			isa = XCBuildConfiguration;
			buildSettings = {
				BUNDLE_LOADER = "$(TEST_HOST)";
				INFOPLIST_FILE = BaiDuMusicTests/Info.plist;
				LD_RUNPATH_SEARCH_PATHS = "$(inherited) @executable_path/Frameworks @loader_path/Frameworks";
				PRODUCT_BUNDLE_IDENTIFIER = cn.yll.BaiDuMusicTests;
				PRODUCT_NAME = "$(TARGET_NAME)";
				TEST_HOST = "$(BUILT_PRODUCTS_DIR)/BaiDuMusic.app/BaiDuMusic";
			};
			name = Debug;
		};
		55F7C2431BE3C01A00BA7537 /* Release */ = {
			isa = XCBuildConfiguration;
			buildSettings = {
				BUNDLE_LOADER = "$(TEST_HOST)";
				INFOPLIST_FILE = BaiDuMusicTests/Info.plist;
				LD_RUNPATH_SEARCH_PATHS = "$(inherited) @executable_path/Frameworks @loader_path/Frameworks";
				PRODUCT_BUNDLE_IDENTIFIER = cn.yll.BaiDuMusicTests;
				PRODUCT_NAME = "$(TARGET_NAME)";
				TEST_HOST = "$(BUILT_PRODUCTS_DIR)/BaiDuMusic.app/BaiDuMusic";
			};
			name = Release;
		};
		55F7C2451BE3C01A00BA7537 /* Debug */ = {
			isa = XCBuildConfiguration;
			buildSettings = {
				INFOPLIST_FILE = BaiDuMusicUITests/Info.plist;
				LD_RUNPATH_SEARCH_PATHS = "$(inherited) @executable_path/Frameworks @loader_path/Frameworks";
				PRODUCT_BUNDLE_IDENTIFIER = cn.yll.BaiDuMusicUITests;
				PRODUCT_NAME = "$(TARGET_NAME)";
				TEST_TARGET_NAME = BaiDuMusic;
				USES_XCTRUNNER = YES;
			};
			name = Debug;
		};
		55F7C2461BE3C01A00BA7537 /* Release */ = {
			isa = XCBuildConfiguration;
			buildSettings = {
				INFOPLIST_FILE = BaiDuMusicUITests/Info.plist;
				LD_RUNPATH_SEARCH_PATHS = "$(inherited) @executable_path/Frameworks @loader_path/Frameworks";
				PRODUCT_BUNDLE_IDENTIFIER = cn.yll.BaiDuMusicUITests;
				PRODUCT_NAME = "$(TARGET_NAME)";
				TEST_TARGET_NAME = BaiDuMusic;
				USES_XCTRUNNER = YES;
			};
			name = Release;
		};
/* End XCBuildConfiguration section */

/* Begin XCConfigurationList section */
		55F7C20C1BE3C01A00BA7537 /* Build configuration list for PBXProject "BaiDuMusic" */ = {
			isa = XCConfigurationList;
			buildConfigurations = (
				55F7C23C1BE3C01A00BA7537 /* Debug */,
				55F7C23D1BE3C01A00BA7537 /* Release */,
			);
			defaultConfigurationIsVisible = 0;
			defaultConfigurationName = Release;
		};
		55F7C23E1BE3C01A00BA7537 /* Build configuration list for PBXNativeTarget "BaiDuMusic" */ = {
			isa = XCConfigurationList;
			buildConfigurations = (
				55F7C23F1BE3C01A00BA7537 /* Debug */,
				55F7C2401BE3C01A00BA7537 /* Release */,
			);
			defaultConfigurationIsVisible = 0;
			defaultConfigurationName = Release;
		};
		55F7C2411BE3C01A00BA7537 /* Build configuration list for PBXNativeTarget "BaiDuMusicTests" */ = {
			isa = XCConfigurationList;
			buildConfigurations = (
				55F7C2421BE3C01A00BA7537 /* Debug */,
				55F7C2431BE3C01A00BA7537 /* Release */,
			);
			defaultConfigurationIsVisible = 0;
			defaultConfigurationName = Release;
		};
		55F7C2441BE3C01A00BA7537 /* Build configuration list for PBXNativeTarget "BaiDuMusicUITests" */ = {
			isa = XCConfigurationList;
			buildConfigurations = (
				55F7C2451BE3C01A00BA7537 /* Debug */,
				55F7C2461BE3C01A00BA7537 /* Release */,
			);
			defaultConfigurationIsVisible = 0;
			defaultConfigurationName = Release;
		};
/* End XCConfigurationList section */
	};
	rootObject = 55F7C2091BE3C01A00BA7537 /* Project object */;
}
